
Microsoft Visual Studio Solution File, Format Version 12.00
# Visual Studio Version 16
VisualStudioVersion = 16.0.30225.117
MinimumVisualStudioVersion = 10.0.40219.1
Project("{9A19103F-16F7-4668-BE54-9A1E7A4F7556}") = "eShopSolution", "eShopSolution\eShopSolution.csproj", "{039CBCB0-404D-4D3A-BC27-77DB6C4DB1CD}"
EndProject
Project("{2150E333-8FDC-42A3-9474-1A3956D46DE8}") = "Solution Items", "Solution Items", "{384F6298-7F1E-4D0F-BB2D-A63F98524F57}"
	ProjectSection(SolutionItems) = preProject
		README.md = README.md
	EndProjectSection
EndProject
Project("{9A19103F-16F7-4668-BE54-9A1E7A4F7556}") = "eShopSolution.Application", "eShopSolution.Application\eShopSolution.Application.csproj", "{2A93603D-1C82-4E90-B12A-4E2F5478F462}"
EndProject
Project("{9A19103F-16F7-4668-BE54-9A1E7A4F7556}") = "eShopSolution.Data", "eShopSolution.Data\eShopSolution.Data.csproj", "{9CB247D2-BFFC-4173-822C-C4E8902227D4}"
EndProject
Project("{FAE04EC0-301F-11D3-BF4B-00C04F79EFBC}") = "WebApplication1", "WebApplication1\WebApplication1.csproj", "{2BF76745-D147-465E-B9DA-2CB2E83F5058}"
EndProject
Global
	GlobalSection(SolutionConfigurationPlatforms) = preSolution
		Debug|Any CPU = Debug|Any CPU
		Release|Any CPU = Release|Any CPU
	EndGlobalSection
	GlobalSection(ProjectConfigurationPlatforms) = postSolution
		{039CBCB0-404D-4D3A-BC27-77DB6C4DB1CD}.Debug|Any CPU.ActiveCfg = Debug|Any CPU
		{039CBCB0-404D-4D3A-BC27-77DB6C4DB1CD}.Debug|Any CPU.Build.0 = Debug|Any CPU
		{039CBCB0-404D-4D3A-BC27-77DB6C4DB1CD}.Release|Any CPU.ActiveCfg = Release|Any CPU
		{039CBCB0-404D-4D3A-BC27-77DB6C4DB1CD}.Release|Any CPU.Build.0 = Release|Any CPU
		{2A93603D-1C82-4E90-B12A-4E2F5478F462}.Debug|Any CPU.ActiveCfg = Debug|Any CPU
		{2A93603D-1C82-4E90-B12A-4E2F5478F462}.Debug|Any CPU.Build.0 = Debug|Any CPU
		{2A93603D-1C82-4E90-B12A-4E2F5478F462}.Release|Any CPU.ActiveCfg = Release|Any CPU
		{2A93603D-1C82-4E90-B12A-4E2F5478F462}.Release|Any CPU.Build.0 = Release|Any CPU
		{9CB247D2-BFFC-4173-822C-C4E8902227D4}.Debug|Any CPU.ActiveCfg = Debug|Any CPU
		{9CB247D2-BFFC-4173-822C-C4E8902227D4}.Debug|Any CPU.Build.0 = Debug|Any CPU
		{9CB247D2-BFFC-4173-822C-C4E8902227D4}.Release|Any CPU.ActiveCfg = Release|Any CPU
		{9CB247D2-BFFC-4173-822C-C4E8902227D4}.Release|Any CPU.Build.0 = Release|Any CPU
		{2BF76745-D147-465E-B9DA-2CB2E83F5058}.Debug|Any CPU.ActiveCfg = Debug|Any CPU
		{2BF76745-D147-465E-B9DA-2CB2E83F5058}.Debug|Any CPU.Build.0 = Debug|Any CPU
		{2BF76745-D147-465E-B9DA-2CB2E83F5058}.Release|Any CPU.ActiveCfg = Release|Any CPU
		{2BF76745-D147-465E-B9DA-2CB2E83F5058}.Release|Any CPU.Build.0 = Release|Any CPU
	EndGlobalSection
	GlobalSection(SolutionProperties) = preSolution
		HideSolutionNode = FALSE
	EndGlobalSection
	GlobalSection(NestedProjects) = preSolution
		{2A93603D-1C82-4E90-B12A-4E2F5478F462} = {384F6298-7F1E-4D0F-BB2D-A63F98524F57}
		{9CB247D2-BFFC-4173-822C-C4E8902227D4} = {384F6298-7F1E-4D0F-BB2D-A63F98524F57}
	EndGlobalSection
	GlobalSection(ExtensibilityGlobals) = postSolution
		SolutionGuid = {3F9CBEA4-E965-4F56-AD1A-F75933B3DBE0}
	EndGlobalSection
EndGlobal
